
Microsoft Visual Studio Solution File, Format Version 12.00
# Visual Studio Version 16
VisualStudioVersion = 16.0.30114.105
MinimumVisualStudioVersion = 10.0.40219.1
Project("{FAE04EC0-301F-11D3-BF4B-00C04F79EFBC}") = "KeepMeAliveInNewWorld", "KeepMeAliveInNewWorld\KeepMeAliveInNewWorld.csproj", "{D3F1FF6B-D049-4DB2-A2D6-474D08CDF337}"
EndProject
Global
	GlobalSection(SolutionConfigurationPlatforms) = preSolution
		Debug|Any CPU = Debug|Any CPU
		Release|Any CPU = Release|Any CPU
	EndGlobalSection
	GlobalSection(ProjectConfigurationPlatforms) = postSolution
		{D3F1FF6B-D049-4DB2-A2D6-474D08CDF337}.Debug|Any CPU.ActiveCfg = Debug|Any CPU
		{D3F1FF6B-D049-4DB2-A2D6-474D08CDF337}.Debug|Any CPU.Build.0 = Debug|Any CPU
		{D3F1FF6B-D049-4DB2-A2D6-474D08CDF337}.Release|Any CPU.ActiveCfg = Release|Any CPU
		{D3F1FF6B-D049-4DB2-A2D6-474D08CDF337}.Release|Any CPU.Build.0 = Release|Any CPU
	EndGlobalSection
	GlobalSection(SolutionProperties) = preSolution
		HideSolutionNode = FALSE
	EndGlobalSection
	GlobalSection(ExtensibilityGlobals) = postSolution
		SolutionGuid = {924B83EF-E7F7-4143-98BB-7526371AE48A}
	EndGlobalSection
EndGlobal
